
Microsoft Visual Studio Solution File, Format Version 12.00
# Visual Studio Version 16
VisualStudioVersion = 16.0.31702.278
MinimumVisualStudioVersion = 10.0.40219.1
Project("{FAE04EC0-301F-11D3-BF4B-00C04F79EFBC}") = "Lab6_1", "Lab6_1\Lab6_1.csproj", "{84DED1FB-5005-4BDF-B9B5-57B1CDDD7240}"
EndProject
Project("{FAE04EC0-301F-11D3-BF4B-00C04F79EFBC}") = "Lab6_2", "Lab6_2\Lab6_2.csproj", "{45F2365F-439D-4C76-8698-F076D48C981C}"
EndProject
Project("{FAE04EC0-301F-11D3-BF4B-00C04F79EFBC}") = "Lab6_3", "Lab6_3\Lab6_3.csproj", "{58D345EB-E0F5-4269-83E5-7B4D2CC86568}"
EndProject
Global
	GlobalSection(SolutionConfigurationPlatforms) = preSolution
		Debug|Any CPU = Debug|Any CPU
		Release|Any CPU = Release|Any CPU
	EndGlobalSection
	GlobalSection(ProjectConfigurationPlatforms) = postSolution
		{84DED1FB-5005-4BDF-B9B5-57B1CDDD7240}.Debug|Any CPU.ActiveCfg = Debug|Any CPU
		{84DED1FB-5005-4BDF-B9B5-57B1CDDD7240}.Debug|Any CPU.Build.0 = Debug|Any CPU
		{84DED1FB-5005-4BDF-B9B5-57B1CDDD7240}.Release|Any CPU.ActiveCfg = Release|Any CPU
		{84DED1FB-5005-4BDF-B9B5-57B1CDDD7240}.Release|Any CPU.Build.0 = Release|Any CPU
		{45F2365F-439D-4C76-8698-F076D48C981C}.Debug|Any CPU.ActiveCfg = Debug|Any CPU
		{45F2365F-439D-4C76-8698-F076D48C981C}.Debug|Any CPU.Build.0 = Debug|Any CPU
		{45F2365F-439D-4C76-8698-F076D48C981C}.Release|Any CPU.ActiveCfg = Release|Any CPU
		{45F2365F-439D-4C76-8698-F076D48C981C}.Release|Any CPU.Build.0 = Release|Any CPU
		{58D345EB-E0F5-4269-83E5-7B4D2CC86568}.Debug|Any CPU.ActiveCfg = Debug|Any CPU
		{58D345EB-E0F5-4269-83E5-7B4D2CC86568}.Debug|Any CPU.Build.0 = Debug|Any CPU
		{58D345EB-E0F5-4269-83E5-7B4D2CC86568}.Release|Any CPU.ActiveCfg = Release|Any CPU
		{58D345EB-E0F5-4269-83E5-7B4D2CC86568}.Release|Any CPU.Build.0 = Release|Any CPU
	EndGlobalSection
	GlobalSection(SolutionProperties) = preSolution
		HideSolutionNode = FALSE
	EndGlobalSection
	GlobalSection(ExtensibilityGlobals) = postSolution
		SolutionGuid = {D6CEFED3-A112-49FE-B999-247071078E94}
	EndGlobalSection
EndGlobal
